# This file is automatically @generated by Cargo.
# It is not intended for manual editing.
version = 4

[[package]]
name = "vapor-providers"
version = "0.1.0"
dependencies = [
 "vapor-shared",
]

[[package]]
name = "vapor-shared"
version = "0.1.0"

[[package]]
name = "vapord"
version = "0.1.0"
dependencies = [
 "vapor-providers",
 "vapor-shared",
]
